// !$*UTF8*$!
{
	archiveVersion = 1;
	classes = {
	};
	objectVersion = 56;
	objects = {

/* Begin PBXBuildFile section */
		237D57962C1F602100B16564 /* BubbleTest.swift in Sources */ = {isa = PBXBuildFile; fileRef = 237D57952C1F602100B16564 /* BubbleTest.swift */; };
		23FCE7262C1F4A8D00731838 /* geminiappApp.swift in Sources */ = {isa = PBXBuildFile; fileRef = 23FCE7252C1F4A8D00731838 /* geminiappApp.swift */; };
		23FCE7282C1F4A8D00731838 /* ContentView.swift in Sources */ = {isa = PBXBuildFile; fileRef = 23FCE7272C1F4A8D00731838 /* ContentView.swift */; };
		23FCE72A2C1F4A8E00731838 /* Assets.xcassets in Resources */ = {isa = PBXBuildFile; fileRef = 23FCE7292C1F4A8E00731838 /* Assets.xcassets */; };
		23FCE72D2C1F4A8E00731838 /* Preview Assets.xcassets in Resources */ = {isa = PBXBuildFile; fileRef = 23FCE72C2C1F4A8E00731838 /* Preview Assets.xcassets */; };
		23FCE72F2C1F4A8E00731838 /* Persistence.swift in Sources */ = {isa = PBXBuildFile; fileRef = 23FCE72E2C1F4A8E00731838 /* Persistence.swift */; };
		23FCE7322C1F4A8E00731838 /* geminiapp.xcdatamodeld in Sources */ = {isa = PBXBuildFile; fileRef = 23FCE7302C1F4A8E00731838 /* geminiapp.xcdatamodeld */; };
		23FCE73A2C1F4C3C00731838 /* GoogleGenerativeAI in Frameworks */ = {isa = PBXBuildFile; productRef = 23FCE7392C1F4C3C00731838 /* GoogleGenerativeAI */; };
/* End PBXBuildFile section */

/* Begin PBXFileReference section */
		237D57952C1F602100B16564 /* BubbleTest.swift */ = {isa = PBXFileReference; lastKnownFileType = sourcecode.swift; path = BubbleTest.swift; sourceTree = "<group>"; };
		23FCE7222C1F4A8D00731838 /* geminiapp.app */ = {isa = PBXFileReference; explicitFileType = wrapper.application; includeInIndex = 0; path = geminiapp.app; sourceTree = BUILT_PRODUCTS_DIR; };
		23FCE7252C1F4A8D00731838 /* geminiappApp.swift */ = {isa = PBXFileReference; lastKnownFileType = sourcecode.swift; path = geminiappApp.swift; sourceTree = "<group>"; };
		23FCE7272C1F4A8D00731838 /* ContentView.swift */ = {isa = PBXFileReference; lastKnownFileType = sourcecode.swift; path = ContentView.swift; sourceTree = "<group>"; };
		23FCE7292C1F4A8E00731838 /* Assets.xcassets */ = {isa = PBXFileReference; lastKnownFileType = folder.assetcatalog; path = Assets.xcassets; sourceTree = "<group>"; };
		23FCE72C2C1F4A8E00731838 /* Preview Assets.xcassets */ = {isa = PBXFileReference; lastKnownFileType = folder.assetcatalog; path = "Preview Assets.xcassets"; sourceTree = "<group>"; };
		23FCE72E2C1F4A8E00731838 /* Persistence.swift */ = {isa = PBXFileReference; lastKnownFileType = sourcecode.swift; path = Persistence.swift; sourceTree = "<group>"; };
		23FCE7312C1F4A8E00731838 /* geminiapp.xcdatamodel */ = {isa = PBXFileReference; lastKnownFileType = wrapper.xcdatamodel; path = geminiapp.xcdatamodel; sourceTree = "<group>"; };
/* End PBXFileReference section */

/* Begin PBXFrameworksBuildPhase section */
		23FCE71F2C1F4A8D00731838 /* Frameworks */ = {
			isa = PBXFrameworksBuildPhase;
			buildActionMask = 2147483647;
			files = (
				23FCE73A2C1F4C3C00731838 /* GoogleGenerativeAI in Frameworks */,
			);
			runOnlyForDeploymentPostprocessing = 0;
		};
/* End PBXFrameworksBuildPhase section */

/* Begin PBXGroup section */
		23FCE7192C1F4A8D00731838 = {
			isa = PBXGroup;
			children = (
				237D57952C1F602100B16564 /* BubbleTest.swift */,
				23FCE7242C1F4A8D00731838 /* geminiapp */,
				23FCE7232C1F4A8D00731838 /* Products */,
			);
			sourceTree = "<group>";
		};
		23FCE7232C1F4A8D00731838 /* Products */ = {
			isa = PBXGroup;
			children = (
				23FCE7222C1F4A8D00731838 /* geminiapp.app */,
			);
			name = Products;
			sourceTree = "<group>";
		};
		23FCE7242C1F4A8D00731838 /* geminiapp */ = {
			isa = PBXGroup;
			children = (
				23FCE7252C1F4A8D00731838 /* geminiappApp.swift */,
				23FCE7272C1F4A8D00731838 /* ContentView.swift */,
				23FCE7292C1F4A8E00731838 /* Assets.xcassets */,
				23FCE72E2C1F4A8E00731838 /* Persistence.swift */,
				23FCE7302C1F4A8E00731838 /* geminiapp.xcdatamodeld */,
				23FCE72B2C1F4A8E00731838 /* Preview Content */,
			);
			path = geminiapp;
			sourceTree = "<group>";
		};
		23FCE72B2C1F4A8E00731838 /* Preview Content */ = {
			isa = PBXGroup;
			children = (
				23FCE72C2C1F4A8E00731838 /* Preview Assets.xcassets */,
			);
			path = "Preview Content";
			sourceTree = "<group>";
		};
/* End PBXGroup section */

/* Begin PBXNativeTarget section */
		23FCE7212C1F4A8D00731838 /* geminiapp */ = {
			isa = PBXNativeTarget;
			buildConfigurationList = 23FCE7352C1F4A8E00731838 /* Build configuration list for PBXNativeTarget "geminiapp" */;
			buildPhases = (
				23FCE71E2C1F4A8D00731838 /* Sources */,
				23FCE71F2C1F4A8D00731838 /* Frameworks */,
				23FCE7202C1F4A8D00731838 /* Resources */,
			);
			buildRules = (
			);
			dependencies = (
			);
			name = geminiapp;
			packageProductDependencies = (
				23FCE7392C1F4C3C00731838 /* GoogleGenerativeAI */,
			);
			productName = geminiapp;
			productReference = 23FCE7222C1F4A8D00731838 /* geminiapp.app */;
			productType = "com.apple.product-type.application";
		};
/* End PBXNativeTarget section */

/* Begin PBXProject section */
		23FCE71A2C1F4A8D00731838 /* Project object */ = {
			isa = PBXProject;
			attributes = {
				BuildIndependentTargetsInParallel = 1;
				LastSwiftUpdateCheck = 1540;
				LastUpgradeCheck = 1540;
				TargetAttributes = {
					23FCE7212C1F4A8D00731838 = {
						CreatedOnToolsVersion = 15.4;
					};
				};
			};
			buildConfigurationList = 23FCE71D2C1F4A8D00731838 /* Build configuration list for PBXProject "geminiapp" */;
			compatibilityVersion = "Xcode 14.0";
			developmentRegion = en;
			hasScannedForEncodings = 0;
			knownRegions = (
				en,
				Base,
			);
			mainGroup = 23FCE7192C1F4A8D00731838;
			packageReferences = (
				23FCE7382C1F4C3C00731838 /* XCRemoteSwiftPackageReference "generative-ai-swift" */,
			);
			productRefGroup = 23FCE7232C1F4A8D00731838 /* Products */;
			projectDirPath = "";
			projectRoot = "";
			targets = (
				23FCE7212C1F4A8D00731838 /* geminiapp */,
			);
		};
/* End PBXProject section */

/* Begin PBXResourcesBuildPhase section */
		23FCE7202C1F4A8D00731838 /* Resources */ = {
			isa = PBXResourcesBuildPhase;
			buildActionMask = 2147483647;
			files = (
				23FCE72D2C1F4A8E00731838 /* Preview Assets.xcassets in Resources */,
				23FCE72A2C1F4A8E00731838 /* Assets.xcassets in Resources */,
			);
			runOnlyForDeploymentPostprocessing = 0;
		};
/* End PBXResourcesBuildPhase section */

/* Begin PBXSourcesBuildPhase section */
		23FCE71E2C1F4A8D00731838 /* Sources */ = {
			isa = PBXSourcesBuildPhase;
			buildActionMask = 2147483647;
			files = (
				23FCE7322C1F4A8E00731838 /* geminiapp.xcdatamodeld in Sources */,
				23FCE72F2C1F4A8E00731838 /* Persistence.swift in Sources */,
				23FCE7282C1F4A8D00731838 /* ContentView.swift in Sources */,
				23FCE7262C1F4A8D00731838 /* geminiappApp.swift in Sources */,
				237D57962C1F602100B16564 /* BubbleTest.swift in Sources */,
			);
			runOnlyForDeploymentPostprocessing = 0;
		};
/* End PBXSourcesBuildPhase section */

/* Begin XCBuildConfiguration section */
		23FCE7332C1F4A8E00731838 /* Debug */ = {
			isa = XCBuildConfiguration;
			buildSettings = {
				ALWAYS_SEARCH_USER_PATHS = NO;
				ASSETCATALOG_COMPILER_GENERATE_SWIFT_ASSET_SYMBOL_EXTENSIONS = YES;
				CLANG_ANALYZER_NONNULL = YES;
				CLANG_ANALYZER_NUMBER_OBJECT_CONVERSION = YES_AGGRESSIVE;
				CLANG_CXX_LANGUAGE_STANDARD = "gnu++20";
				CLANG_ENABLE_MODULES = YES;
				CLANG_ENABLE_OBJC_ARC = YES;
				CLANG_ENABLE_OBJC_WEAK = YES;
				CLANG_WARN_BLOCK_CAPTURE_AUTORELEASING = YES;
				CLANG_WARN_BOOL_CONVERSION = YES;
				CLANG_WARN_COMMA = YES;
				CLANG_WARN_CONSTANT_CONVERSION = YES;
				CLANG_WARN_DEPRECATED_OBJC_IMPLEMENTATIONS = YES;
				CLANG_WARN_DIRECT_OBJC_ISA_USAGE = YES_ERROR;
				CLANG_WARN_DOCUMENTATION_COMMENTS = YES;
				CLANG_WARN_EMPTY_BODY = YES;
				CLANG_WARN_ENUM_CONVERSION = YES;
				CLANG_WARN_INFINITE_RECURSION = YES;
				CLANG_WARN_INT_CONVERSION = YES;
				CLANG_WARN_NON_LITERAL_NULL_CONVERSION = YES;
				CLANG_WARN_OBJC_IMPLICIT_RETAIN_SELF = YES;
				CLANG_WARN_OBJC_LITERAL_CONVERSION = YES;
				CLANG_WARN_OBJC_ROOT_CLASS = YES_ERROR;
				CLANG_WARN_QUOTED_INCLUDE_IN_FRAMEWORK_HEADER = YES;
				CLANG_WARN_RANGE_LOOP_ANALYSIS = YES;
				CLANG_WARN_STRICT_PROTOTYPES = YES;
				CLANG_WARN_SUSPICIOUS_MOVE = YES;
				CLANG_WARN_UNGUARDED_AVAILABILITY = YES_AGGRESSIVE;
				CLANG_WARN_UNREACHABLE_CODE = YES;
				CLANG_WARN__DUPLICATE_METHOD_MATCH = YES;
				COPY_PHASE_STRIP = NO;
				DEBUG_INFORMATION_FORMAT = dwarf;
				ENABLE_STRICT_OBJC_MSGSEND = YES;
				ENABLE_TESTABILITY = YES;
				ENABLE_USER_SCRIPT_SANDBOXING = YES;
				GCC_C_LANGUAGE_STANDARD = gnu17;
				GCC_DYNAMIC_NO_PIC = NO;
				GCC_NO_COMMON_BLOCKS = YES;
				GCC_OPTIMIZATION_LEVEL = 0;
				GCC_PREPROCESSOR_DEFINITIONS = (
					"DEBUG=1",
					"$(inherited)",
				);
				GCC_WARN_64_TO_32_BIT_CONVERSION = YES;
				GCC_WARN_ABOUT_RETURN_TYPE = YES_ERROR;
				GCC_WARN_UNDECLARED_SELECTOR = YES;
				GCC_WARN_UNINITIALIZED_AUTOS = YES_AGGRESSIVE;
				GCC_WARN_UNUSED_FUNCTION = YES;
				GCC_WARN_UNUSED_VARIABLE = YES;
				IPHONEOS_DEPLOYMENT_TARGET = 17.5;
				LOCALIZATION_PREFERS_STRING_CATALOGS = YES;
				MTL_ENABLE_DEBUG_INFO = INCLUDE_SOURCE;
				MTL_FAST_MATH = YES;
				ONLY_ACTIVE_ARCH = YES;
				SDKROOT = iphoneos;
				SWIFT_ACTIVE_COMPILATION_CONDITIONS = "DEBUG $(inherited)";
				SWIFT_OPTIMIZATION_LEVEL = "-Onone";
			};
			name = Debug;
		};
		23FCE7342C1F4A8E00731838 /* Release */ = {
			isa = XCBuildConfiguration;
			buildSettings = {
				ALWAYS_SEARCH_USER_PATHS = NO;
				ASSETCATALOG_COMPILER_GENERATE_SWIFT_ASSET_SYMBOL_EXTENSIONS = YES;
				CLANG_ANALYZER_NONNULL = YES;
				CLANG_ANALYZER_NUMBER_OBJECT_CONVERSION = YES_AGGRESSIVE;
				CLANG_CXX_LANGUAGE_STANDARD = "gnu++20";
				CLANG_ENABLE_MODULES = YES;
				CLANG_ENABLE_OBJC_ARC = YES;
				CLANG_ENABLE_OBJC_WEAK = YES;
				CLANG_WARN_BLOCK_CAPTURE_AUTORELEASING = YES;
				CLANG_WARN_BOOL_CONVERSION = YES;
				CLANG_WARN_COMMA = YES;
				CLANG_WARN_CONSTANT_CONVERSION = YES;
				CLANG_WARN_DEPRECATED_OBJC_IMPLEMENTATIONS = YES;
				CLANG_WARN_DIRECT_OBJC_ISA_USAGE = YES_ERROR;
				CLANG_WARN_DOCUMENTATION_COMMENTS = YES;
				CLANG_WARN_EMPTY_BODY = YES;
				CLANG_WARN_ENUM_CONVERSION = YES;
				CLANG_WARN_INFINITE_RECURSION = YES;
				CLANG_WARN_INT_CONVERSION = YES;
				CLANG_WARN_NON_LITERAL_NULL_CONVERSION = YES;
				CLANG_WARN_OBJC_IMPLICIT_RETAIN_SELF = YES;
				CLANG_WARN_OBJC_LITERAL_CONVERSION = YES;
				CLANG_WARN_OBJC_ROOT_CLASS = YES_ERROR;
				CLANG_WARN_QUOTED_INCLUDE_IN_FRAMEWORK_HEADER = YES;
				CLANG_WARN_RANGE_LOOP_ANALYSIS = YES;
				CLANG_WARN_STRICT_PROTOTYPES = YES;
				CLANG_WARN_SUSPICIOUS_MOVE = YES;
				CLANG_WARN_UNGUARDED_AVAILABILITY = YES_AGGRESSIVE;
				CLANG_WARN_UNREACHABLE_CODE = YES;
				CLANG_WARN__DUPLICATE_METHOD_MATCH = YES;
				COPY_PHASE_STRIP = NO;
				DEBUG_INFORMATION_FORMAT = "dwarf-with-dsym";
				ENABLE_NS_ASSERTIONS = NO;
				ENABLE_STRICT_OBJC_MSGSEND = YES;
				ENABLE_USER_SCRIPT_SANDBOXING = YES;
				GCC_C_LANGUAGE_STANDARD = gnu17;
				GCC_NO_COMMON_BLOCKS = YES;
				GCC_WARN_64_TO_32_BIT_CONVERSION = YES;
				GCC_WARN_ABOUT_RETURN_TYPE = YES_ERROR;
				GCC_WARN_UNDECLARED_SELECTOR = YES;
				GCC_WARN_UNINITIALIZED_AUTOS = YES_AGGRESSIVE;
				GCC_WARN_UNUSED_FUNCTION = YES;
				GCC_WARN_UNUSED_VARIABLE = YES;
				IPHONEOS_DEPLOYMENT_TARGET = 17.5;
				LOCALIZATION_PREFERS_STRING_CATALOGS = YES;
				MTL_ENABLE_DEBUG_INFO = NO;
				MTL_FAST_MATH = YES;
				SDKROOT = iphoneos;
				SWIFT_COMPILATION_MODE = wholemodule;
				VALIDATE_PRODUCT = YES;
			};
			name = Release;
		};
		23FCE7362C1F4A8E00731838 /* Debug */ = {
			isa = XCBuildConfiguration;
			buildSettings = {
				ASSETCATALOG_COMPILER_APPICON_NAME = AppIcon;
				ASSETCATALOG_COMPILER_GLOBAL_ACCENT_COLOR_NAME = AccentColor;
				CODE_SIGN_STYLE = Automatic;
				CURRENT_PROJECT_VERSION = 1;
				DEVELOPMENT_ASSET_PATHS = "\"geminiapp/Preview Content\"";
				ENABLE_PREVIEWS = YES;
				GENERATE_INFOPLIST_FILE = YES;
				INFOPLIST_KEY_UIApplicationSceneManifest_Generation = YES;
				INFOPLIST_KEY_UIApplicationSupportsIndirectInputEvents = YES;
				INFOPLIST_KEY_UILaunchScreen_Generation = YES;
				INFOPLIST_KEY_UISupportedInterfaceOrientations_iPad = "UIInterfaceOrientationPortrait UIInterfaceOrientationPortraitUpsideDown UIInterfaceOrientationLandscapeLeft UIInterfaceOrientationLandscapeRight";
				INFOPLIST_KEY_UISupportedInterfaceOrientations_iPhone = "UIInterfaceOrientationPortrait UIInterfaceOrientationLandscapeLeft UIInterfaceOrientationLandscapeRight";
				LD_RUNPATH_SEARCH_PATHS = (
					"$(inherited)",
					"@executable_path/Frameworks",
				);
				MARKETING_VERSION = 1.0;
				PRODUCT_BUNDLE_IDENTIFIER = com.nabiel.geminiapp;
				PRODUCT_NAME = "$(TARGET_NAME)";
				SWIFT_EMIT_LOC_STRINGS = YES;
				SWIFT_VERSION = 5.0;
				TARGETED_DEVICE_FAMILY = "1,2";
			};
			name = Debug;
		};
		23FCE7372C1F4A8E00731838 /* Release */ = {
			isa = XCBuildConfiguration;
			buildSettings = {
				ASSETCATALOG_COMPILER_APPICON_NAME = AppIcon;
				ASSETCATALOG_COMPILER_GLOBAL_ACCENT_COLOR_NAME = AccentColor;
				CODE_SIGN_STYLE = Automatic;
				CURRENT_PROJECT_VERSION = 1;
				DEVELOPMENT_ASSET_PATHS = "\"geminiapp/Preview Content\"";
				ENABLE_PREVIEWS = YES;
				GENERATE_INFOPLIST_FILE = YES;
				INFOPLIST_KEY_UIApplicationSceneManifest_Generation = YES;
				INFOPLIST_KEY_UIApplicationSupportsIndirectInputEvents = YES;
				INFOPLIST_KEY_UILaunchScreen_Generation = YES;
				INFOPLIST_KEY_UISupportedInterfaceOrientations_iPad = "UIInterfaceOrientationPortrait UIInterfaceOrientationPortraitUpsideDown UIInterfaceOrientationLandscapeLeft UIInterfaceOrientationLandscapeRight";
				INFOPLIST_KEY_UISupportedInterfaceOrientations_iPhone = "UIInterfaceOrientationPortrait UIInterfaceOrientationLandscapeLeft UIInterfaceOrientationLandscapeRight";
				LD_RUNPATH_SEARCH_PATHS = (
					"$(inherited)",
					"@executable_path/Frameworks",
				);
				MARKETING_VERSION = 1.0;
				PRODUCT_BUNDLE_IDENTIFIER = com.nabiel.geminiapp;
				PRODUCT_NAME = "$(TARGET_NAME)";
				SWIFT_EMIT_LOC_STRINGS = YES;
				SWIFT_VERSION = 5.0;
				TARGETED_DEVICE_FAMILY = "1,2";
			};
			name = Release;
		};
/* End XCBuildConfiguration section */

/* Begin XCConfigurationList section */
		23FCE71D2C1F4A8D00731838 /* Build configuration list for PBXProject "geminiapp" */ = {
			isa = XCConfigurationList;
			buildConfigurations = (
				23FCE7332C1F4A8E00731838 /* Debug */,
				23FCE7342C1F4A8E00731838 /* Release */,
			);
			defaultConfigurationIsVisible = 0;
			defaultConfigurationName = Release;
		};
		23FCE7352C1F4A8E00731838 /* Build configuration list for PBXNativeTarget "geminiapp" */ = {
			isa = XCConfigurationList;
			buildConfigurations = (
				23FCE7362C1F4A8E00731838 /* Debug */,
				23FCE7372C1F4A8E00731838 /* Release */,
			);
			defaultConfigurationIsVisible = 0;
			defaultConfigurationName = Release;
		};
/* End XCConfigurationList section */

/* Begin XCRemoteSwiftPackageReference section */
		23FCE7382C1F4C3C00731838 /* XCRemoteSwiftPackageReference "generative-ai-swift" */ = {
			isa = XCRemoteSwiftPackageReference;
			repositoryURL = "https://github.com/google-gemini/generative-ai-swift";
			requirement = {
				kind = upToNextMajorVersion;
				minimumVersion = 0.5.4;
			};
		};
/* End XCRemoteSwiftPackageReference section */

/* Begin XCSwiftPackageProductDependency section */
		23FCE7392C1F4C3C00731838 /* GoogleGenerativeAI */ = {
			isa = XCSwiftPackageProductDependency;
			package = 23FCE7382C1F4C3C00731838 /* XCRemoteSwiftPackageReference "generative-ai-swift" */;
			productName = GoogleGenerativeAI;
		};
/* End XCSwiftPackageProductDependency section */

/* Begin XCVersionGroup section */
		23FCE7302C1F4A8E00731838 /* geminiapp.xcdatamodeld */ = {
			isa = XCVersionGroup;
			children = (
				23FCE7312C1F4A8E00731838 /* geminiapp.xcdatamodel */,
			);
			currentVersion = 23FCE7312C1F4A8E00731838 /* geminiapp.xcdatamodel */;
			path = geminiapp.xcdatamodeld;
			sourceTree = "<group>";
			versionGroupType = wrapper.xcdatamodel;
		};
/* End XCVersionGroup section */
	};
	rootObject = 23FCE71A2C1F4A8D00731838 /* Project object */;
}
